Microsoft Visual Studio Solution File, Format Version 12.00
# Visual Studio Version 17
VisualStudioVersion = 17.5.2.0
MinimumVisualStudioVersion = 10.0.40219.1
Project("{FAE04EC0-301F-11D3-BF4B-00C04F79EFBC}") = "NeetCode_150", "NeetCode_150.csproj", "{E9328E84-65FF-CB48-9BEC-3DE0339FD0C3}"
EndProject
Global
	GlobalSection(SolutionConfigurationPlatforms) = preSolution
		Debug|Any CPU = Debug|Any CPU
		Release|Any CPU = Release|Any CPU
	EndGlobalSection
	GlobalSection(ProjectConfigurationPlatforms) = postSolution
		{E9328E84-65FF-CB48-9BEC-3DE0339FD0C3}.Debug|Any CPU.ActiveCfg = Debug|Any CPU
		{E9328E84-65FF-CB48-9BEC-3DE0339FD0C3}.Debug|Any CPU.Build.0 = Debug|Any CPU
		{E9328E84-65FF-CB48-9BEC-3DE0339FD0C3}.Release|Any CPU.ActiveCfg = Release|Any CPU
		{E9328E84-65FF-CB48-9BEC-3DE0339FD0C3}.Release|Any CPU.Build.0 = Release|Any CPU
	EndGlobalSection
	GlobalSection(SolutionProperties) = preSolution
		HideSolutionNode = FALSE
	EndGlobalSection
	GlobalSection(ExtensibilityGlobals) = postSolution
		SolutionGuid = {E2C69478-C497-4558-92E1-74EAEB11F1D5}
	EndGlobalSection
EndGlobal
